
Microsoft Visual Studio Solution File, Format Version 12.00
# Visual Studio 15
VisualStudioVersion = 15.0.28307.1082
MinimumVisualStudioVersion = 10.0.40219.1
Project("{FAE04EC0-301F-11D3-BF4B-00C04F79EFBC}") = "NinjaDomain.Classes", "NinjaDomain.Classes\NinjaDomain.Classes.csproj", "{DE40C8B2-D20E-4259-9190-F57F933AD0D5}"
EndProject
Project("{FAE04EC0-301F-11D3-BF4B-00C04F79EFBC}") = "NinjaDomain.Data", "NinjaDomain.Data\NinjaDomain.Data.csproj", "{8960A53B-A463-41CC-B37E-BB32EADE663D}"
EndProject
Project("{FAE04EC0-301F-11D3-BF4B-00C04F79EFBC}") = "NinjaConsoleApplication", "NinjaConsoleApplication\NinjaConsoleApplication.csproj", "{52A860F5-E0EF-4E8D-A0B4-AD0EA9ED591E}"
EndProject
Project("{FAE04EC0-301F-11D3-BF4B-00C04F79EFBC}") = "NinjaDomain.Services", "NinjaDomain.Services\NinjaDomain.Services.csproj", "{79F95A9B-1E49-46DB-ACE5-A6A4E06ACA1E}"
EndProject
Project("{FAE04EC0-301F-11D3-BF4B-00C04F79EFBC}") = "Ninja.MVCAppRepository", "NinjaDomain.MVC5\Ninja.MVCAppRepository.csproj", "{0404AE1B-573E-4123-BF51-E8D671C2A6F6}"
EndProject
Project("{FAE04EC0-301F-11D3-BF4B-00C04F79EFBC}") = "Ninja.WebAPI", "Ninja.WebAPI\Ninja.WebAPI.csproj", "{6B45C96E-6B98-42A1-B00C-5891CC9C643B}"
EndProject
Global
	GlobalSection(SolutionConfigurationPlatforms) = preSolution
		Debug|Any CPU = Debug|Any CPU
		Release|Any CPU = Release|Any CPU
	EndGlobalSection
	GlobalSection(ProjectConfigurationPlatforms) = postSolution
		{DE40C8B2-D20E-4259-9190-F57F933AD0D5}.Debug|Any CPU.ActiveCfg = Debug|Any CPU
		{DE40C8B2-D20E-4259-9190-F57F933AD0D5}.Debug|Any CPU.Build.0 = Debug|Any CPU
		{DE40C8B2-D20E-4259-9190-F57F933AD0D5}.Release|Any CPU.ActiveCfg = Release|Any CPU
		{DE40C8B2-D20E-4259-9190-F57F933AD0D5}.Release|Any CPU.Build.0 = Release|Any CPU
		{8960A53B-A463-41CC-B37E-BB32EADE663D}.Debug|Any CPU.ActiveCfg = Debug|Any CPU
		{8960A53B-A463-41CC-B37E-BB32EADE663D}.Debug|Any CPU.Build.0 = Debug|Any CPU
		{8960A53B-A463-41CC-B37E-BB32EADE663D}.Release|Any CPU.ActiveCfg = Release|Any CPU
		{8960A53B-A463-41CC-B37E-BB32EADE663D}.Release|Any CPU.Build.0 = Release|Any CPU
		{52A860F5-E0EF-4E8D-A0B4-AD0EA9ED591E}.Debug|Any CPU.ActiveCfg = Debug|Any CPU
		{52A860F5-E0EF-4E8D-A0B4-AD0EA9ED591E}.Debug|Any CPU.Build.0 = Debug|Any CPU
		{52A860F5-E0EF-4E8D-A0B4-AD0EA9ED591E}.Release|Any CPU.ActiveCfg = Release|Any CPU
		{52A860F5-E0EF-4E8D-A0B4-AD0EA9ED591E}.Release|Any CPU.Build.0 = Release|Any CPU
		{79F95A9B-1E49-46DB-ACE5-A6A4E06ACA1E}.Debug|Any CPU.ActiveCfg = Debug|Any CPU
		{79F95A9B-1E49-46DB-ACE5-A6A4E06ACA1E}.Debug|Any CPU.Build.0 = Debug|Any CPU
		{79F95A9B-1E49-46DB-ACE5-A6A4E06ACA1E}.Release|Any CPU.ActiveCfg = Release|Any CPU
		{79F95A9B-1E49-46DB-ACE5-A6A4E06ACA1E}.Release|Any CPU.Build.0 = Release|Any CPU
		{0404AE1B-573E-4123-BF51-E8D671C2A6F6}.Debug|Any CPU.ActiveCfg = Debug|Any CPU
		{0404AE1B-573E-4123-BF51-E8D671C2A6F6}.Debug|Any CPU.Build.0 = Debug|Any CPU
		{0404AE1B-573E-4123-BF51-E8D671C2A6F6}.Release|Any CPU.ActiveCfg = Release|Any CPU
		{0404AE1B-573E-4123-BF51-E8D671C2A6F6}.Release|Any CPU.Build.0 = Release|Any CPU
		{6B45C96E-6B98-42A1-B00C-5891CC9C643B}.Debug|Any CPU.ActiveCfg = Debug|Any CPU
		{6B45C96E-6B98-42A1-B00C-5891CC9C643B}.Debug|Any CPU.Build.0 = Debug|Any CPU
		{6B45C96E-6B98-42A1-B00C-5891CC9C643B}.Release|Any CPU.ActiveCfg = Release|Any CPU
		{6B45C96E-6B98-42A1-B00C-5891CC9C643B}.Release|Any CPU.Build.0 = Release|Any CPU
	EndGlobalSection
	GlobalSection(SolutionProperties) = preSolution
		HideSolutionNode = FALSE
	EndGlobalSection
	GlobalSection(ExtensibilityGlobals) = postSolution
		SolutionGuid = {4D41EAE4-F018-4BA4-A96D-B587DC089868}
	EndGlobalSection
EndGlobal
